
Microsoft Visual Studio Solution File, Format Version 12.00
# Visual Studio Version 16
VisualStudioVersion = 16.0.31112.23
MinimumVisualStudioVersion = 10.0.40219.1
Project("{9A19103F-16F7-4668-BE54-9A1E7A4F7556}") = "SignalHandlerTestManaged", "SignalHandlerTestManaged.csproj", "{79E6FBCE-EF66-4AC4-BDC3-9ACFFB29C357}"
EndProject
Global
	GlobalSection(SolutionConfigurationPlatforms) = preSolution
		Debug|Any CPU = Debug|Any CPU
		Release|Any CPU = Release|Any CPU
	EndGlobalSection
	GlobalSection(ProjectConfigurationPlatforms) = postSolution
		{79E6FBCE-EF66-4AC4-BDC3-9ACFFB29C357}.Debug|Any CPU.ActiveCfg = Debug|Any CPU
		{79E6FBCE-EF66-4AC4-BDC3-9ACFFB29C357}.Debug|Any CPU.Build.0 = Debug|Any CPU
		{79E6FBCE-EF66-4AC4-BDC3-9ACFFB29C357}.Release|Any CPU.ActiveCfg = Release|Any CPU
		{79E6FBCE-EF66-4AC4-BDC3-9ACFFB29C357}.Release|Any CPU.Build.0 = Release|Any CPU
	EndGlobalSection
	GlobalSection(SolutionProperties) = preSolution
		HideSolutionNode = FALSE
	EndGlobalSection
	GlobalSection(ExtensibilityGlobals) = postSolution
		SolutionGuid = {2C52712C-17BA-4417-91FF-31D4E2C09053}
	EndGlobalSection
EndGlobal
